
Microsoft Visual Studio Solution File, Format Version 12.00
# Visual Studio Version 17
VisualStudioVersion = 17.3.32901.215
MinimumVisualStudioVersion = 10.0.40219.1
Project("{9A19103F-16F7-4668-BE54-9A1E7A4F7556}") = "JD0MUL_HFT_2022231.Client", "JD0MUL_HFT_2022231\JD0MUL_HFT_2022231.Client.csproj", "{398B9186-AD4B-4F6C-9EFA-2DCCC2DE675C}"
EndProject
Project("{9A19103F-16F7-4668-BE54-9A1E7A4F7556}") = "JD0MUL_HFT_2022231.Models", "JD0MUL_HFT_2022231.Models\JD0MUL_HFT_2022231.Models.csproj", "{9202F643-016B-4A7A-97B2-507F526D7698}"
EndProject
Project("{9A19103F-16F7-4668-BE54-9A1E7A4F7556}") = "JD0MUL_HFT_2022231.Logic", "JD0MUL_HFT_2022231.Logic\JD0MUL_HFT_2022231.Logic.csproj", "{6D973B66-738E-4612-9540-FE53FAFCAB3F}"
EndProject
Project("{9A19103F-16F7-4668-BE54-9A1E7A4F7556}") = "JD0MUL_HFT_2022231.Repository", "JD0MUL_HFT_2022231.Repository\JD0MUL_HFT_2022231.Repository.csproj", "{69927A18-08C4-42DC-9E23-A981A6A13291}"
EndProject
Project("{9A19103F-16F7-4668-BE54-9A1E7A4F7556}") = "JD0MUL_HFT_2022231.Test", "JD0MUL_HFT_2022231.Test\JD0MUL_HFT_2022231.Test.csproj", "{C4BE911B-CE3B-4B6D-A941-39541B5DB8F8}"
EndProject
Project("{2150E333-8FDC-42A3-9474-1A3956D46DE8}") = "Backend", "Backend", "{EA1942F5-2758-4404-BAAA-860D0E0C4AED}"
EndProject
Project("{2150E333-8FDC-42A3-9474-1A3956D46DE8}") = "Frontend", "Frontend", "{84C7B9C9-DFDC-4BD1-A2F6-985B0FDB178E}"
EndProject
Project("{2150E333-8FDC-42A3-9474-1A3956D46DE8}") = "Shared", "Shared", "{3B7D8C7D-CA87-4E86-9BA6-7389F70092FD}"
EndProject
Project("{2150E333-8FDC-42A3-9474-1A3956D46DE8}") = "Others", "Others", "{C194496D-C990-42BC-A545-077F47E890C9}"
	ProjectSection(SolutionItems) = preProject
		.gitignore = .gitignore
	EndProjectSection
EndProject
Project("{FAE04EC0-301F-11D3-BF4B-00C04F79EFBC}") = "JD0MUL_HFT_2022231.Endpoint", "JD0MUL_HFT_2022231.Endpoint\JD0MUL_HFT_2022231.Endpoint.csproj", "{86DF8232-7896-44AC-8526-FF2DC909DF8B}"
EndProject
Global
	GlobalSection(SolutionConfigurationPlatforms) = preSolution
		Debug|Any CPU = Debug|Any CPU
		Release|Any CPU = Release|Any CPU
	EndGlobalSection
	GlobalSection(ProjectConfigurationPlatforms) = postSolution
		{398B9186-AD4B-4F6C-9EFA-2DCCC2DE675C}.Debug|Any CPU.ActiveCfg = Debug|Any CPU
		{398B9186-AD4B-4F6C-9EFA-2DCCC2DE675C}.Debug|Any CPU.Build.0 = Debug|Any CPU
		{398B9186-AD4B-4F6C-9EFA-2DCCC2DE675C}.Release|Any CPU.ActiveCfg = Release|Any CPU
		{398B9186-AD4B-4F6C-9EFA-2DCCC2DE675C}.Release|Any CPU.Build.0 = Release|Any CPU
		{9202F643-016B-4A7A-97B2-507F526D7698}.Debug|Any CPU.ActiveCfg = Debug|Any CPU
		{9202F643-016B-4A7A-97B2-507F526D7698}.Debug|Any CPU.Build.0 = Debug|Any CPU
		{9202F643-016B-4A7A-97B2-507F526D7698}.Release|Any CPU.ActiveCfg = Release|Any CPU
		{9202F643-016B-4A7A-97B2-507F526D7698}.Release|Any CPU.Build.0 = Release|Any CPU
		{6D973B66-738E-4612-9540-FE53FAFCAB3F}.Debug|Any CPU.ActiveCfg = Debug|Any CPU
		{6D973B66-738E-4612-9540-FE53FAFCAB3F}.Debug|Any CPU.Build.0 = Debug|Any CPU
		{6D973B66-738E-4612-9540-FE53FAFCAB3F}.Release|Any CPU.ActiveCfg = Release|Any CPU
		{6D973B66-738E-4612-9540-FE53FAFCAB3F}.Release|Any CPU.Build.0 = Release|Any CPU
		{69927A18-08C4-42DC-9E23-A981A6A13291}.Debug|Any CPU.ActiveCfg = Debug|Any CPU
		{69927A18-08C4-42DC-9E23-A981A6A13291}.Debug|Any CPU.Build.0 = Debug|Any CPU
		{69927A18-08C4-42DC-9E23-A981A6A13291}.Release|Any CPU.ActiveCfg = Release|Any CPU
		{69927A18-08C4-42DC-9E23-A981A6A13291}.Release|Any CPU.Build.0 = Release|Any CPU
		{C4BE911B-CE3B-4B6D-A941-39541B5DB8F8}.Debug|Any CPU.ActiveCfg = Debug|Any CPU
		{C4BE911B-CE3B-4B6D-A941-39541B5DB8F8}.Debug|Any CPU.Build.0 = Debug|Any CPU
		{C4BE911B-CE3B-4B6D-A941-39541B5DB8F8}.Release|Any CPU.ActiveCfg = Release|Any CPU
		{C4BE911B-CE3B-4B6D-A941-39541B5DB8F8}.Release|Any CPU.Build.0 = Release|Any CPU
		{86DF8232-7896-44AC-8526-FF2DC909DF8B}.Debug|Any CPU.ActiveCfg = Debug|Any CPU
		{86DF8232-7896-44AC-8526-FF2DC909DF8B}.Debug|Any CPU.Build.0 = Debug|Any CPU
		{86DF8232-7896-44AC-8526-FF2DC909DF8B}.Release|Any CPU.ActiveCfg = Release|Any CPU
		{86DF8232-7896-44AC-8526-FF2DC909DF8B}.Release|Any CPU.Build.0 = Release|Any CPU
	EndGlobalSection
	GlobalSection(SolutionProperties) = preSolution
		HideSolutionNode = FALSE
	EndGlobalSection
	GlobalSection(NestedProjects) = preSolution
		{398B9186-AD4B-4F6C-9EFA-2DCCC2DE675C} = {84C7B9C9-DFDC-4BD1-A2F6-985B0FDB178E}
		{9202F643-016B-4A7A-97B2-507F526D7698} = {3B7D8C7D-CA87-4E86-9BA6-7389F70092FD}
		{6D973B66-738E-4612-9540-FE53FAFCAB3F} = {EA1942F5-2758-4404-BAAA-860D0E0C4AED}
		{69927A18-08C4-42DC-9E23-A981A6A13291} = {EA1942F5-2758-4404-BAAA-860D0E0C4AED}
		{C4BE911B-CE3B-4B6D-A941-39541B5DB8F8} = {EA1942F5-2758-4404-BAAA-860D0E0C4AED}
		{86DF8232-7896-44AC-8526-FF2DC909DF8B} = {84C7B9C9-DFDC-4BD1-A2F6-985B0FDB178E}
	EndGlobalSection
	GlobalSection(ExtensibilityGlobals) = postSolution
		SolutionGuid = {E1060F1A-CE08-48AF-909C-910F9F1752E9}
	EndGlobalSection
EndGlobal
